
Microsoft Visual Studio Solution File, Format Version 12.00
# Visual Studio 15
VisualStudioVersion = 15.0.27130.2027
MinimumVisualStudioVersion = 10.0.40219.1
Project("{FAE04EC0-301F-11D3-BF4B-00C04F79EFBC}") = "TodoList", "TodoList\TodoList.csproj", "{ADB97AA7-BAF6-4D4D-863C-07EC697F677F}"
EndProject
Project("{FAE04EC0-301F-11D3-BF4B-00C04F79EFBC}") = "TodoList.DataAccessLayer", "TodoList.DataAccessLayer\TodoList.DataAccessLayer.csproj", "{3D204594-AD2B-4071-9709-2181E625AB74}"
EndProject
Project("{FAE04EC0-301F-11D3-BF4B-00C04F79EFBC}") = "TodoList.BusinessLogic", "TodoList.BusinessLogic\TodoList.BusinessLogic.csproj", "{D0007317-3255-43F4-ACDE-29D5F966AF4A}"
EndProject
Global
	GlobalSection(SolutionConfigurationPlatforms) = preSolution
		Debug|Any CPU = Debug|Any CPU
		Release|Any CPU = Release|Any CPU
	EndGlobalSection
	GlobalSection(ProjectConfigurationPlatforms) = postSolution
		{ADB97AA7-BAF6-4D4D-863C-07EC697F677F}.Debug|Any CPU.ActiveCfg = Debug|Any CPU
		{ADB97AA7-BAF6-4D4D-863C-07EC697F677F}.Debug|Any CPU.Build.0 = Debug|Any CPU
		{ADB97AA7-BAF6-4D4D-863C-07EC697F677F}.Release|Any CPU.ActiveCfg = Release|Any CPU
		{ADB97AA7-BAF6-4D4D-863C-07EC697F677F}.Release|Any CPU.Build.0 = Release|Any CPU
		{3D204594-AD2B-4071-9709-2181E625AB74}.Debug|Any CPU.ActiveCfg = Debug|Any CPU
		{3D204594-AD2B-4071-9709-2181E625AB74}.Debug|Any CPU.Build.0 = Debug|Any CPU
		{3D204594-AD2B-4071-9709-2181E625AB74}.Release|Any CPU.ActiveCfg = Release|Any CPU
		{3D204594-AD2B-4071-9709-2181E625AB74}.Release|Any CPU.Build.0 = Release|Any CPU
		{D0007317-3255-43F4-ACDE-29D5F966AF4A}.Debug|Any CPU.ActiveCfg = Debug|Any CPU
		{D0007317-3255-43F4-ACDE-29D5F966AF4A}.Debug|Any CPU.Build.0 = Debug|Any CPU
		{D0007317-3255-43F4-ACDE-29D5F966AF4A}.Release|Any CPU.ActiveCfg = Release|Any CPU
		{D0007317-3255-43F4-ACDE-29D5F966AF4A}.Release|Any CPU.Build.0 = Release|Any CPU
	EndGlobalSection
	GlobalSection(SolutionProperties) = preSolution
		HideSolutionNode = FALSE
	EndGlobalSection
	GlobalSection(ExtensibilityGlobals) = postSolution
		SolutionGuid = {F4117716-C276-4ED4-A075-9D5B055D980D}
	EndGlobalSection
EndGlobal
